
Microsoft Visual Studio Solution File, Format Version 12.00
# Visual Studio 15
VisualStudioVersion = 15.0.28307.1231
MinimumVisualStudioVersion = 10.0.40219.1
Project("{FAE04EC0-301F-11D3-BF4B-00C04F79EFBC}") = "WebOracle", "WebOracle\WebOracle.csproj", "{4732119D-9D36-4C59-AA61-82D7533296BE}"
EndProject
Project("{FAE04EC0-301F-11D3-BF4B-00C04F79EFBC}") = "WebOracleApi", "WebOracleApi\WebOracleApi.csproj", "{B0464430-EE14-4561-8886-62990C92BF42}"
EndProject
Project("{FAE04EC0-301F-11D3-BF4B-00C04F79EFBC}") = "ModelOracle", "ModelOracle\ModelOracle.csproj", "{AE7FD540-3349-439D-9947-7B5AA2BDE123}"
EndProject
Project("{FAE04EC0-301F-11D3-BF4B-00C04F79EFBC}") = "InterfaceOracle", "InterfaceOracle\InterfaceOracle.csproj", "{80C45076-F577-46C3-B62B-2BFDEAE7479C}"
EndProject
Project("{FAE04EC0-301F-11D3-BF4B-00C04F79EFBC}") = "ServiceOracle", "ServiceOracle\ServiceOracle.csproj", "{0167BB55-B062-4CFD-82CD-5F7F56113B02}"
EndProject
Global
	GlobalSection(SolutionConfigurationPlatforms) = preSolution
		Debug|Any CPU = Debug|Any CPU
		Release|Any CPU = Release|Any CPU
	EndGlobalSection
	GlobalSection(ProjectConfigurationPlatforms) = postSolution
		{4732119D-9D36-4C59-AA61-82D7533296BE}.Debug|Any CPU.ActiveCfg = Debug|Any CPU
		{4732119D-9D36-4C59-AA61-82D7533296BE}.Debug|Any CPU.Build.0 = Debug|Any CPU
		{4732119D-9D36-4C59-AA61-82D7533296BE}.Release|Any CPU.ActiveCfg = Release|Any CPU
		{4732119D-9D36-4C59-AA61-82D7533296BE}.Release|Any CPU.Build.0 = Release|Any CPU
		{B0464430-EE14-4561-8886-62990C92BF42}.Debug|Any CPU.ActiveCfg = Debug|Any CPU
		{B0464430-EE14-4561-8886-62990C92BF42}.Debug|Any CPU.Build.0 = Debug|Any CPU
		{B0464430-EE14-4561-8886-62990C92BF42}.Release|Any CPU.ActiveCfg = Release|Any CPU
		{B0464430-EE14-4561-8886-62990C92BF42}.Release|Any CPU.Build.0 = Release|Any CPU
		{AE7FD540-3349-439D-9947-7B5AA2BDE123}.Debug|Any CPU.ActiveCfg = Debug|Any CPU
		{AE7FD540-3349-439D-9947-7B5AA2BDE123}.Debug|Any CPU.Build.0 = Debug|Any CPU
		{AE7FD540-3349-439D-9947-7B5AA2BDE123}.Release|Any CPU.ActiveCfg = Release|Any CPU
		{AE7FD540-3349-439D-9947-7B5AA2BDE123}.Release|Any CPU.Build.0 = Release|Any CPU
		{80C45076-F577-46C3-B62B-2BFDEAE7479C}.Debug|Any CPU.ActiveCfg = Debug|Any CPU
		{80C45076-F577-46C3-B62B-2BFDEAE7479C}.Debug|Any CPU.Build.0 = Debug|Any CPU
		{80C45076-F577-46C3-B62B-2BFDEAE7479C}.Release|Any CPU.ActiveCfg = Release|Any CPU
		{80C45076-F577-46C3-B62B-2BFDEAE7479C}.Release|Any CPU.Build.0 = Release|Any CPU
		{0167BB55-B062-4CFD-82CD-5F7F56113B02}.Debug|Any CPU.ActiveCfg = Debug|Any CPU
		{0167BB55-B062-4CFD-82CD-5F7F56113B02}.Debug|Any CPU.Build.0 = Debug|Any CPU
		{0167BB55-B062-4CFD-82CD-5F7F56113B02}.Release|Any CPU.ActiveCfg = Release|Any CPU
		{0167BB55-B062-4CFD-82CD-5F7F56113B02}.Release|Any CPU.Build.0 = Release|Any CPU
	EndGlobalSection
	GlobalSection(SolutionProperties) = preSolution
		HideSolutionNode = FALSE
	EndGlobalSection
	GlobalSection(ExtensibilityGlobals) = postSolution
		SolutionGuid = {B8B1EF84-DCAB-4AF9-BD33-B4A31052BA31}
	EndGlobalSection
EndGlobal
